
Microsoft Visual Studio Solution File, Format Version 11.00
# Visual Studio 2010
Project("{FAE04EC0-301F-11D3-BF4B-00C04F79EFBC}") = "TIMESTAMP", "TIMESTAMP\TIMESTAMP.csproj", "{70DE3617-BB32-4CE3-B01D-B56406347976}"
EndProject
Global
	GlobalSection(SolutionConfigurationPlatforms) = preSolution
		Debug|Any CPU = Debug|Any CPU
		Release|Any CPU = Release|Any CPU
	EndGlobalSection
	GlobalSection(ProjectConfigurationPlatforms) = postSolution
		{70DE3617-BB32-4CE3-B01D-B56406347976}.Debug|Any CPU.ActiveCfg = Debug|Any CPU
		{70DE3617-BB32-4CE3-B01D-B56406347976}.Debug|Any CPU.Build.0 = Debug|Any CPU
		{70DE3617-BB32-4CE3-B01D-B56406347976}.Release|Any CPU.ActiveCfg = Release|Any CPU
		{70DE3617-BB32-4CE3-B01D-B56406347976}.Release|Any CPU.Build.0 = Release|Any CPU
	EndGlobalSection
	GlobalSection(SolutionProperties) = preSolution
		HideSolutionNode = FALSE
	EndGlobalSection
EndGlobal
